// !$*UTF8*$!
{
	archiveVersion = 1;
	classes = {
	};
	objectVersion = 48;
	objects = {

/* Begin PBXBuildFile section */
		DB25C81621C53D5800864B43 /* Meal.swift in Sources */ = {isa = PBXBuildFile; fileRef = DB25C81521C53D5800864B43 /* Meal.swift */; };
		DB25C81821C5402700864B43 /* FoodTableViewCell.swift in Sources */ = {isa = PBXBuildFile; fileRef = DB25C81721C5402700864B43 /* FoodTableViewCell.swift */; };
		DB25C81A21C5426A00864B43 /* FoodTableViewController.swift in Sources */ = {isa = PBXBuildFile; fileRef = DB25C81921C5426A00864B43 /* FoodTableViewController.swift */; };
		DB44974721C325FF006A0DFA /* AppDelegate.swift in Sources */ = {isa = PBXBuildFile; fileRef = DB44974621C325FF006A0DFA /* AppDelegate.swift */; };
		DB44974921C325FF006A0DFA /* ViewController.swift in Sources */ = {isa = PBXBuildFile; fileRef = DB44974821C325FF006A0DFA /* ViewController.swift */; };
		DB44974C21C325FF006A0DFA /* Main.storyboard in Resources */ = {isa = PBXBuildFile; fileRef = DB44974A21C325FF006A0DFA /* Main.storyboard */; };
		DB44974E21C325FF006A0DFA /* Assets.xcassets in Resources */ = {isa = PBXBuildFile; fileRef = DB44974D21C325FF006A0DFA /* Assets.xcassets */; };
		DB44975121C325FF006A0DFA /* LaunchScreen.storyboard in Resources */ = {isa = PBXBuildFile; fileRef = DB44974F21C325FF006A0DFA /* LaunchScreen.storyboard */; };
		DB44975921C326AF006A0DFA /* FoodDetailViewController.swift in Sources */ = {isa = PBXBuildFile; fileRef = DB44975821C326AF006A0DFA /* FoodDetailViewController.swift */; };
		DB44975B21C340D5006A0DFA /* RatingControl.swift in Sources */ = {isa = PBXBuildFile; fileRef = DB44975A21C340D5006A0DFA /* RatingControl.swift */; };
/* End PBXBuildFile section */

/* Begin PBXFileReference section */
		DB25C81521C53D5800864B43 /* Meal.swift */ = {isa = PBXFileReference; lastKnownFileType = sourcecode.swift; path = Meal.swift; sourceTree = "<group>"; };
		DB25C81721C5402700864B43 /* FoodTableViewCell.swift */ = {isa = PBXFileReference; lastKnownFileType = sourcecode.swift; path = FoodTableViewCell.swift; sourceTree = "<group>"; };
		DB25C81921C5426A00864B43 /* FoodTableViewController.swift */ = {isa = PBXFileReference; lastKnownFileType = sourcecode.swift; path = FoodTableViewController.swift; sourceTree = "<group>"; };
		DB44974321C325FD006A0DFA /* foodStore.app */ = {isa = PBXFileReference; explicitFileType = wrapper.application; includeInIndex = 0; path = foodStore.app; sourceTree = BUILT_PRODUCTS_DIR; };
		DB44974621C325FF006A0DFA /* AppDelegate.swift */ = {isa = PBXFileReference; lastKnownFileType = sourcecode.swift; path = AppDelegate.swift; sourceTree = "<group>"; };
		DB44974821C325FF006A0DFA /* ViewController.swift */ = {isa = PBXFileReference; lastKnownFileType = sourcecode.swift; path = ViewController.swift; sourceTree = "<group>"; };
		DB44974B21C325FF006A0DFA /* Base */ = {isa = PBXFileReference; lastKnownFileType = file.storyboard; name = Base; path = Base.lproj/Main.storyboard; sourceTree = "<group>"; };
		DB44974D21C325FF006A0DFA /* Assets.xcassets */ = {isa = PBXFileReference; lastKnownFileType = folder.assetcatalog; path = Assets.xcassets; sourceTree = "<group>"; };
		DB44975021C325FF006A0DFA /* Base */ = {isa = PBXFileReference; lastKnownFileType = file.storyboard; name = Base; path = Base.lproj/LaunchScreen.storyboard; sourceTree = "<group>"; };
		DB44975221C32600006A0DFA /* Info.plist */ = {isa = PBXFileReference; lastKnownFileType = text.plist.xml; path = Info.plist; sourceTree = "<group>"; };
		DB44975821C326AF006A0DFA /* FoodDetailViewController.swift */ = {isa = PBXFileReference; lastKnownFileType = sourcecode.swift; path = FoodDetailViewController.swift; sourceTree = "<group>"; };
		DB44975A21C340D5006A0DFA /* RatingControl.swift */ = {isa = PBXFileReference; lastKnownFileType = sourcecode.swift; path = RatingControl.swift; sourceTree = "<group>"; };
/* End PBXFileReference section */

/* Begin PBXFrameworksBuildPhase section */
		DB44974021C325FD006A0DFA /* Frameworks */ = {
			isa = PBXFrameworksBuildPhase;
			buildActionMask = 2147483647;
			files = (
			);
			runOnlyForDeploymentPostprocessing = 0;
		};
/* End PBXFrameworksBuildPhase section */

/* Begin PBXGroup section */
		DB25C81421C53CFD00864B43 /* Model */ = {
			isa = PBXGroup;
			children = (
				DB25C81521C53D5800864B43 /* Meal.swift */,
			);
			path = Model;
			sourceTree = "<group>";
		};
		DB44973A21C325FC006A0DFA = {
			isa = PBXGroup;
			children = (
				DB44974521C325FD006A0DFA /* foodStore */,
				DB44974421C325FD006A0DFA /* Products */,
			);
			sourceTree = "<group>";
		};
		DB44974421C325FD006A0DFA /* Products */ = {
			isa = PBXGroup;
			children = (
				DB44974321C325FD006A0DFA /* foodStore.app */,
			);
			name = Products;
			sourceTree = "<group>";
		};
		DB44974521C325FD006A0DFA /* foodStore */ = {
			isa = PBXGroup;
			children = (
				DB25C81421C53CFD00864B43 /* Model */,
				DB44975821C326AF006A0DFA /* FoodDetailViewController.swift */,
				DB44974621C325FF006A0DFA /* AppDelegate.swift */,
				DB44974821C325FF006A0DFA /* ViewController.swift */,
				DB44974A21C325FF006A0DFA /* Main.storyboard */,
				DB44974D21C325FF006A0DFA /* Assets.xcassets */,
				DB44974F21C325FF006A0DFA /* LaunchScreen.storyboard */,
				DB44975221C32600006A0DFA /* Info.plist */,
				DB44975A21C340D5006A0DFA /* RatingControl.swift */,
				DB25C81721C5402700864B43 /* FoodTableViewCell.swift */,
				DB25C81921C5426A00864B43 /* FoodTableViewController.swift */,
			);
			path = foodStore;
			sourceTree = "<group>";
		};
/* End PBXGroup section */

/* Begin PBXNativeTarget section */
		DB44974221C325FD006A0DFA /* foodStore */ = {
			isa = PBXNativeTarget;
			buildConfigurationList = DB44975521C32600006A0DFA /* Build configuration list for PBXNativeTarget "foodStore" */;
			buildPhases = (
				DB44973F21C325FD006A0DFA /* Sources */,
				DB44974021C325FD006A0DFA /* Frameworks */,
				DB44974121C325FD006A0DFA /* Resources */,
			);
			buildRules = (
			);
			dependencies = (
			);
			name = foodStore;
			productName = foodStore;
			productReference = DB44974321C325FD006A0DFA /* foodStore.app */;
			productType = "com.apple.product-type.application";
		};
/* End PBXNativeTarget section */

/* Begin PBXProject section */
		DB44973B21C325FC006A0DFA /* Project object */ = {
			isa = PBXProject;
			attributes = {
				LastSwiftUpdateCheck = 0910;
				LastUpgradeCheck = 0910;
				ORGANIZATIONNAME = ucb;
				TargetAttributes = {
					DB44974221C325FD006A0DFA = {
						CreatedOnToolsVersion = 9.1;
						ProvisioningStyle = Automatic;
					};
				};
			};
			buildConfigurationList = DB44973E21C325FC006A0DFA /* Build configuration list for PBXProject "foodStore" */;
			compatibilityVersion = "Xcode 8.0";
			developmentRegion = en;
			hasScannedForEncodings = 0;
			knownRegions = (
				en,
				Base,
			);
			mainGroup = DB44973A21C325FC006A0DFA;
			productRefGroup = DB44974421C325FD006A0DFA /* Products */;
			projectDirPath = "";
			projectRoot = "";
			targets = (
				DB44974221C325FD006A0DFA /* foodStore */,
			);
		};
/* End PBXProject section */

/* Begin PBXResourcesBuildPhase section */
		DB44974121C325FD006A0DFA /* Resources */ = {
			isa = PBXResourcesBuildPhase;
			buildActionMask = 2147483647;
			files = (
				DB44975121C325FF006A0DFA /* LaunchScreen.storyboard in Resources */,
				DB44974E21C325FF006A0DFA /* Assets.xcassets in Resources */,
				DB44974C21C325FF006A0DFA /* Main.storyboard in Resources */,
			);
			runOnlyForDeploymentPostprocessing = 0;
		};
/* End PBXResourcesBuildPhase section */

/* Begin PBXSourcesBuildPhase section */
		DB44973F21C325FD006A0DFA /* Sources */ = {
			isa = PBXSourcesBuildPhase;
			buildActionMask = 2147483647;
			files = (
				DB25C81621C53D5800864B43 /* Meal.swift in Sources */,
				DB44975B21C340D5006A0DFA /* RatingControl.swift in Sources */,
				DB44975921C326AF006A0DFA /* FoodDetailViewController.swift in Sources */,
				DB25C81A21C5426A00864B43 /* FoodTableViewController.swift in Sources */,
				DB44974921C325FF006A0DFA /* ViewController.swift in Sources */,
				DB44974721C325FF006A0DFA /* AppDelegate.swift in Sources */,
				DB25C81821C5402700864B43 /* FoodTableViewCell.swift in Sources */,
			);
			runOnlyForDeploymentPostprocessing = 0;
		};
/* End PBXSourcesBuildPhase section */

/* Begin PBXVariantGroup section */
		DB44974A21C325FF006A0DFA /* Main.storyboard */ = {
			isa = PBXVariantGroup;
			children = (
				DB44974B21C325FF006A0DFA /* Base */,
			);
			name = Main.storyboard;
			sourceTree = "<group>";
		};
		DB44974F21C325FF006A0DFA /* LaunchScreen.storyboard */ = {
			isa = PBXVariantGroup;
			children = (
				DB44975021C325FF006A0DFA /* Base */,
			);
			name = LaunchScreen.storyboard;
			sourceTree = "<group>";
		};
/* End PBXVariantGroup section */

/* Begin XCBuildConfiguration section */
		DB44975321C32600006A0DFA /* Debug */ = {
			isa = XCBuildConfiguration;
			buildSettings = {
				ALWAYS_SEARCH_USER_PATHS = NO;
				CLANG_ANALYZER_NONNULL = YES;
				CLANG_ANALYZER_NUMBER_OBJECT_CONVERSION = YES_AGGRESSIVE;
				CLANG_CXX_LANGUAGE_STANDARD = "gnu++14";
				CLANG_CXX_LIBRARY = "libc++";
				CLANG_ENABLE_MODULES = YES;
				CLANG_ENABLE_OBJC_ARC = YES;
				CLANG_WARN_BLOCK_CAPTURE_AUTORELEASING = YES;
				CLANG_WARN_BOOL_CONVERSION = YES;
				CLANG_WARN_COMMA = YES;
				CLANG_WARN_CONSTANT_CONVERSION = YES;
				CLANG_WARN_DIRECT_OBJC_ISA_USAGE = YES_ERROR;
				CLANG_WARN_DOCUMENTATION_COMMENTS = YES;
				CLANG_WARN_EMPTY_BODY = YES;
				CLANG_WARN_ENUM_CONVERSION = YES;
				CLANG_WARN_INFINITE_RECURSION = YES;
				CLANG_WARN_INT_CONVERSION = YES;
				CLANG_WARN_NON_LITERAL_NULL_CONVERSION = YES;
				CLANG_WARN_OBJC_LITERAL_CONVERSION = YES;
				CLANG_WARN_OBJC_ROOT_CLASS = YES_ERROR;
				CLANG_WARN_RANGE_LOOP_ANALYSIS = YES;
				CLANG_WARN_STRICT_PROTOTYPES = YES;
				CLANG_WARN_SUSPICIOUS_MOVE = YES;
				CLANG_WARN_UNGUARDED_AVAILABILITY = YES_AGGRESSIVE;
				CLANG_WARN_UNREACHABLE_CODE = YES;
				CLANG_WARN__DUPLICATE_METHOD_MATCH = YES;
				CODE_SIGN_IDENTITY = "iPhone Developer";
				COPY_PHASE_STRIP = NO;
				DEBUG_INFORMATION_FORMAT = dwarf;
				ENABLE_STRICT_OBJC_MSGSEND = YES;
				ENABLE_TESTABILITY = YES;
				GCC_C_LANGUAGE_STANDARD = gnu11;
				GCC_DYNAMIC_NO_PIC = NO;
				GCC_NO_COMMON_BLOCKS = YES;
				GCC_OPTIMIZATION_LEVEL = 0;
				GCC_PREPROCESSOR_DEFINITIONS = (
					"DEBUG=1",
					"$(inherited)",
				);
				GCC_WARN_64_TO_32_BIT_CONVERSION = YES;
				GCC_WARN_ABOUT_RETURN_TYPE = YES_ERROR;
				GCC_WARN_UNDECLARED_SELECTOR = YES;
				GCC_WARN_UNINITIALIZED_AUTOS = YES_AGGRESSIVE;
				GCC_WARN_UNUSED_FUNCTION = YES;
				GCC_WARN_UNUSED_VARIABLE = YES;
				IPHONEOS_DEPLOYMENT_TARGET = 11.1;
				MTL_ENABLE_DEBUG_INFO = YES;
				ONLY_ACTIVE_ARCH = YES;
				SDKROOT = iphoneos;
				SWIFT_ACTIVE_COMPILATION_CONDITIONS = DEBUG;
				SWIFT_OPTIMIZATION_LEVEL = "-Onone";
			};
			name = Debug;
		};
		DB44975421C32600006A0DFA /* Release */ = {
			isa = XCBuildConfiguration;
			buildSettings = {
				ALWAYS_SEARCH_USER_PATHS = NO;
				CLANG_ANALYZER_NONNULL = YES;
				CLANG_ANALYZER_NUMBER_OBJECT_CONVERSION = YES_AGGRESSIVE;
				CLANG_CXX_LANGUAGE_STANDARD = "gnu++14";
				CLANG_CXX_LIBRARY = "libc++";
				CLANG_ENABLE_MODULES = YES;
				CLANG_ENABLE_OBJC_ARC = YES;
				CLANG_WARN_BLOCK_CAPTURE_AUTORELEASING = YES;
				CLANG_WARN_BOOL_CONVERSION = YES;
				CLANG_WARN_COMMA = YES;
				CLANG_WARN_CONSTANT_CONVERSION = YES;
				CLANG_WARN_DIRECT_OBJC_ISA_USAGE = YES_ERROR;
				CLANG_WARN_DOCUMENTATION_COMMENTS = YES;
				CLANG_WARN_EMPTY_BODY = YES;
				CLANG_WARN_ENUM_CONVERSION = YES;
				CLANG_WARN_INFINITE_RECURSION = YES;
				CLANG_WARN_INT_CONVERSION = YES;
				CLANG_WARN_NON_LITERAL_NULL_CONVERSION = YES;
				CLANG_WARN_OBJC_LITERAL_CONVERSION = YES;
				CLANG_WARN_OBJC_ROOT_CLASS = YES_ERROR;
				CLANG_WARN_RANGE_LOOP_ANALYSIS = YES;
				CLANG_WARN_STRICT_PROTOTYPES = YES;
				CLANG_WARN_SUSPICIOUS_MOVE = YES;
				CLANG_WARN_UNGUARDED_AVAILABILITY = YES_AGGRESSIVE;
				CLANG_WARN_UNREACHABLE_CODE = YES;
				CLANG_WARN__DUPLICATE_METHOD_MATCH = YES;
				CODE_SIGN_IDENTITY = "iPhone Developer";
				COPY_PHASE_STRIP = NO;
				DEBUG_INFORMATION_FORMAT = "dwarf-with-dsym";
				ENABLE_NS_ASSERTIONS = NO;
				ENABLE_STRICT_OBJC_MSGSEND = YES;
				GCC_C_LANGUAGE_STANDARD = gnu11;
				GCC_NO_COMMON_BLOCKS = YES;
				GCC_WARN_64_TO_32_BIT_CONVERSION = YES;
				GCC_WARN_ABOUT_RETURN_TYPE = YES_ERROR;
				GCC_WARN_UNDECLARED_SELECTOR = YES;
				GCC_WARN_UNINITIALIZED_AUTOS = YES_AGGRESSIVE;
				GCC_WARN_UNUSED_FUNCTION = YES;
				GCC_WARN_UNUSED_VARIABLE = YES;
				IPHONEOS_DEPLOYMENT_TARGET = 11.1;
				MTL_ENABLE_DEBUG_INFO = NO;
				SDKROOT = iphoneos;
				SWIFT_OPTIMIZATION_LEVEL = "-Owholemodule";
				VALIDATE_PRODUCT = YES;
			};
			name = Release;
		};
		DB44975621C32600006A0DFA /* Debug */ = {
			isa = XCBuildConfiguration;
			buildSettings = {
				ASSETCATALOG_COMPILER_APPICON_NAME = AppIcon;
				CODE_SIGN_STYLE = Automatic;
				INFOPLIST_FILE = foodStore/Info.plist;
				LD_RUNPATH_SEARCH_PATHS = "$(inherited) @executable_path/Frameworks";
				PRODUCT_BUNDLE_IDENTIFIER = com.ucb.foodStore;
				PRODUCT_NAME = "$(TARGET_NAME)";
				SWIFT_VERSION = 4.0;
				TARGETED_DEVICE_FAMILY = "1,2";
			};
			name = Debug;
		};
		DB44975721C32600006A0DFA /* Release */ = {
			isa = XCBuildConfiguration;
			buildSettings = {
				ASSETCATALOG_COMPILER_APPICON_NAME = AppIcon;
				CODE_SIGN_STYLE = Automatic;
				INFOPLIST_FILE = foodStore/Info.plist;
				LD_RUNPATH_SEARCH_PATHS = "$(inherited) @executable_path/Frameworks";
				PRODUCT_BUNDLE_IDENTIFIER = com.ucb.foodStore;
				PRODUCT_NAME = "$(TARGET_NAME)";
				SWIFT_VERSION = 4.0;
				TARGETED_DEVICE_FAMILY = "1,2";
			};
			name = Release;
		};
/* End XCBuildConfiguration section */

/* Begin XCConfigurationList section */
		DB44973E21C325FC006A0DFA /* Build configuration list for PBXProject "foodStore" */ = {
			isa = XCConfigurationList;
			buildConfigurations = (
				DB44975321C32600006A0DFA /* Debug */,
				DB44975421C32600006A0DFA /* Release */,
			);
			defaultConfigurationIsVisible = 0;
			defaultConfigurationName = Release;
		};
		DB44975521C32600006A0DFA /* Build configuration list for PBXNativeTarget "foodStore" */ = {
			isa = XCConfigurationList;
			buildConfigurations = (
				DB44975621C32600006A0DFA /* Debug */,
				DB44975721C32600006A0DFA /* Release */,
			);
			defaultConfigurationIsVisible = 0;
			defaultConfigurationName = Release;
		};
/* End XCConfigurationList section */
	};
	rootObject = DB44973B21C325FC006A0DFA /* Project object */;
}
